
Microsoft Visual Studio Solution File, Format Version 12.00
# Visual Studio Version 17
VisualStudioVersion = 17.12.35506.116 d17.12
MinimumVisualStudioVersion = 10.0.40219.1
Project("{FAE04EC0-301F-11D3-BF4B-00C04F79EFBC}") = "Triangle2", "Triangle2\Triangle2.csproj", "{7CE7DF53-2EB7-44FC-8897-8A634B77EDAC}"
EndProject
Project("{FAE04EC0-301F-11D3-BF4B-00C04F79EFBC}") = "TriangleApp2.Tests", "TriangleApp2.Tests\TriangleApp2.Tests.csproj", "{5A079973-DEF8-4241-B0F0-B0E27E4620A0}"
EndProject
Global
	GlobalSection(SolutionConfigurationPlatforms) = preSolution
		Debug|Any CPU = Debug|Any CPU
		Release|Any CPU = Release|Any CPU
	EndGlobalSection
	GlobalSection(ProjectConfigurationPlatforms) = postSolution
		{7CE7DF53-2EB7-44FC-8897-8A634B77EDAC}.Debug|Any CPU.ActiveCfg = Debug|Any CPU
		{7CE7DF53-2EB7-44FC-8897-8A634B77EDAC}.Debug|Any CPU.Build.0 = Debug|Any CPU
		{7CE7DF53-2EB7-44FC-8897-8A634B77EDAC}.Release|Any CPU.ActiveCfg = Release|Any CPU
		{7CE7DF53-2EB7-44FC-8897-8A634B77EDAC}.Release|Any CPU.Build.0 = Release|Any CPU
		{5A079973-DEF8-4241-B0F0-B0E27E4620A0}.Debug|Any CPU.ActiveCfg = Debug|Any CPU
		{5A079973-DEF8-4241-B0F0-B0E27E4620A0}.Debug|Any CPU.Build.0 = Debug|Any CPU
		{5A079973-DEF8-4241-B0F0-B0E27E4620A0}.Release|Any CPU.ActiveCfg = Release|Any CPU
		{5A079973-DEF8-4241-B0F0-B0E27E4620A0}.Release|Any CPU.Build.0 = Release|Any CPU
	EndGlobalSection
	GlobalSection(SolutionProperties) = preSolution
		HideSolutionNode = FALSE
	EndGlobalSection
EndGlobal
